// !$*UTF8*$!
{
	archiveVersion = 1;
	classes = {
	};
	objectVersion = 56;
	objects = {

/* Begin PBXBuildFile section */
		DD26C03729C3C6CB00303499 /* ModalSwiftUIApp.swift in Sources */ = {isa = PBXBuildFile; fileRef = DD26C03629C3C6CB00303499 /* ModalSwiftUIApp.swift */; };
		DD26C03929C3C6CB00303499 /* ContentView.swift in Sources */ = {isa = PBXBuildFile; fileRef = DD26C03829C3C6CB00303499 /* ContentView.swift */; };
		DD26C03B29C3C6CC00303499 /* Assets.xcassets in Resources */ = {isa = PBXBuildFile; fileRef = DD26C03A29C3C6CC00303499 /* Assets.xcassets */; };
		DD26C03E29C3C6CC00303499 /* Preview Assets.xcassets in Resources */ = {isa = PBXBuildFile; fileRef = DD26C03D29C3C6CC00303499 /* Preview Assets.xcassets */; };
		DD26C04529C3C73F00303499 /* ventanaModal.swift in Sources */ = {isa = PBXBuildFile; fileRef = DD26C04429C3C73E00303499 /* ventanaModal.swift */; };
		DD26C04929C7720300303499 /* SegundaVista.swift in Sources */ = {isa = PBXBuildFile; fileRef = DD26C04829C7720300303499 /* SegundaVista.swift */; };
		DD26C04B29C773A200303499 /* TercerVista.swift in Sources */ = {isa = PBXBuildFile; fileRef = DD26C04A29C773A200303499 /* TercerVista.swift */; };
		DD3A9FA029C89C6D00B3DCB3 /* TabViewMain.swift in Sources */ = {isa = PBXBuildFile; fileRef = DD3A9F9F29C89C6D00B3DCB3 /* TabViewMain.swift */; };
		DD3A9FA229C89DDF00B3DCB3 /* VistaNueva.swift in Sources */ = {isa = PBXBuildFile; fileRef = DD3A9FA129C89DDF00B3DCB3 /* VistaNueva.swift */; };
/* End PBXBuildFile section */

/* Begin PBXFileReference section */
		DD26C03329C3C6CB00303499 /* ModalSwiftUI.app */ = {isa = PBXFileReference; explicitFileType = wrapper.application; includeInIndex = 0; path = ModalSwiftUI.app; sourceTree = BUILT_PRODUCTS_DIR; };
		DD26C03629C3C6CB00303499 /* ModalSwiftUIApp.swift */ = {isa = PBXFileReference; lastKnownFileType = sourcecode.swift; path = ModalSwiftUIApp.swift; sourceTree = "<group>"; };
		DD26C03829C3C6CB00303499 /* ContentView.swift */ = {isa = PBXFileReference; lastKnownFileType = sourcecode.swift; path = ContentView.swift; sourceTree = "<group>"; };
		DD26C03A29C3C6CC00303499 /* Assets.xcassets */ = {isa = PBXFileReference; lastKnownFileType = folder.assetcatalog; path = Assets.xcassets; sourceTree = "<group>"; };
		DD26C03D29C3C6CC00303499 /* Preview Assets.xcassets */ = {isa = PBXFileReference; lastKnownFileType = folder.assetcatalog; path = "Preview Assets.xcassets"; sourceTree = "<group>"; };
		DD26C04429C3C73E00303499 /* ventanaModal.swift */ = {isa = PBXFileReference; lastKnownFileType = sourcecode.swift; path = ventanaModal.swift; sourceTree = "<group>"; };
		DD26C04829C7720300303499 /* SegundaVista.swift */ = {isa = PBXFileReference; lastKnownFileType = sourcecode.swift; path = SegundaVista.swift; sourceTree = "<group>"; };
		DD26C04A29C773A200303499 /* TercerVista.swift */ = {isa = PBXFileReference; lastKnownFileType = sourcecode.swift; path = TercerVista.swift; sourceTree = "<group>"; };
		DD3A9F9F29C89C6D00B3DCB3 /* TabViewMain.swift */ = {isa = PBXFileReference; lastKnownFileType = sourcecode.swift; path = TabViewMain.swift; sourceTree = "<group>"; };
		DD3A9FA129C89DDF00B3DCB3 /* VistaNueva.swift */ = {isa = PBXFileReference; lastKnownFileType = sourcecode.swift; path = VistaNueva.swift; sourceTree = "<group>"; };
/* End PBXFileReference section */

/* Begin PBXFrameworksBuildPhase section */
		DD26C03029C3C6CB00303499 /* Frameworks */ = {
			isa = PBXFrameworksBuildPhase;
			buildActionMask = 2147483647;
			files = (
			);
			runOnlyForDeploymentPostprocessing = 0;
		};
/* End PBXFrameworksBuildPhase section */

/* Begin PBXGroup section */
		DD26C02A29C3C6CB00303499 = {
			isa = PBXGroup;
			children = (
				DD26C03529C3C6CB00303499 /* ModalSwiftUI */,
				DD26C03429C3C6CB00303499 /* Products */,
			);
			sourceTree = "<group>";
		};
		DD26C03429C3C6CB00303499 /* Products */ = {
			isa = PBXGroup;
			children = (
				DD26C03329C3C6CB00303499 /* ModalSwiftUI.app */,
			);
			name = Products;
			sourceTree = "<group>";
		};
		DD26C03529C3C6CB00303499 /* ModalSwiftUI */ = {
			isa = PBXGroup;
			children = (
				DD26C03629C3C6CB00303499 /* ModalSwiftUIApp.swift */,
				DD26C03829C3C6CB00303499 /* ContentView.swift */,
				DD26C03A29C3C6CC00303499 /* Assets.xcassets */,
				DD26C03C29C3C6CC00303499 /* Preview Content */,
				DD26C04429C3C73E00303499 /* ventanaModal.swift */,
				DD26C04829C7720300303499 /* SegundaVista.swift */,
				DD26C04A29C773A200303499 /* TercerVista.swift */,
				DD3A9F9F29C89C6D00B3DCB3 /* TabViewMain.swift */,
				DD3A9FA129C89DDF00B3DCB3 /* VistaNueva.swift */,
			);
			path = ModalSwiftUI;
			sourceTree = "<group>";
		};
		DD26C03C29C3C6CC00303499 /* Preview Content */ = {
			isa = PBXGroup;
			children = (
				DD26C03D29C3C6CC00303499 /* Preview Assets.xcassets */,
			);
			path = "Preview Content";
			sourceTree = "<group>";
		};
/* End PBXGroup section */

/* Begin PBXNativeTarget section */
		DD26C03229C3C6CB00303499 /* ModalSwiftUI */ = {
			isa = PBXNativeTarget;
			buildConfigurationList = DD26C04129C3C6CC00303499 /* Build configuration list for PBXNativeTarget "ModalSwiftUI" */;
			buildPhases = (
				DD26C02F29C3C6CB00303499 /* Sources */,
				DD26C03029C3C6CB00303499 /* Frameworks */,
				DD26C03129C3C6CB00303499 /* Resources */,
			);
			buildRules = (
			);
			dependencies = (
			);
			name = ModalSwiftUI;
			productName = ModalSwiftUI;
			productReference = DD26C03329C3C6CB00303499 /* ModalSwiftUI.app */;
			productType = "com.apple.product-type.application";
		};
/* End PBXNativeTarget section */

/* Begin PBXProject section */
		DD26C02B29C3C6CB00303499 /* Project object */ = {
			isa = PBXProject;
			attributes = {
				BuildIndependentTargetsInParallel = 1;
				LastSwiftUpdateCheck = 1420;
				LastUpgradeCheck = 1420;
				TargetAttributes = {
					DD26C03229C3C6CB00303499 = {
						CreatedOnToolsVersion = 14.2;
					};
				};
			};
			buildConfigurationList = DD26C02E29C3C6CB00303499 /* Build configuration list for PBXProject "ModalSwiftUI" */;
			compatibilityVersion = "Xcode 14.0";
			developmentRegion = en;
			hasScannedForEncodings = 0;
			knownRegions = (
				en,
				Base,
			);
			mainGroup = DD26C02A29C3C6CB00303499;
			productRefGroup = DD26C03429C3C6CB00303499 /* Products */;
			projectDirPath = "";
			projectRoot = "";
			targets = (
				DD26C03229C3C6CB00303499 /* ModalSwiftUI */,
			);
		};
/* End PBXProject section */

/* Begin PBXResourcesBuildPhase section */
		DD26C03129C3C6CB00303499 /* Resources */ = {
			isa = PBXResourcesBuildPhase;
			buildActionMask = 2147483647;
			files = (
				DD26C03E29C3C6CC00303499 /* Preview Assets.xcassets in Resources */,
				DD26C03B29C3C6CC00303499 /* Assets.xcassets in Resources */,
			);
			runOnlyForDeploymentPostprocessing = 0;
		};
/* End PBXResourcesBuildPhase section */

/* Begin PBXSourcesBuildPhase section */
		DD26C02F29C3C6CB00303499 /* Sources */ = {
			isa = PBXSourcesBuildPhase;
			buildActionMask = 2147483647;
			files = (
				DD26C03929C3C6CB00303499 /* ContentView.swift in Sources */,
				DD3A9FA229C89DDF00B3DCB3 /* VistaNueva.swift in Sources */,
				DD26C04529C3C73F00303499 /* ventanaModal.swift in Sources */,
				DD26C03729C3C6CB00303499 /* ModalSwiftUIApp.swift in Sources */,
				DD26C04929C7720300303499 /* SegundaVista.swift in Sources */,
				DD26C04B29C773A200303499 /* TercerVista.swift in Sources */,
				DD3A9FA029C89C6D00B3DCB3 /* TabViewMain.swift in Sources */,
			);
			runOnlyForDeploymentPostprocessing = 0;
		};
/* End PBXSourcesBuildPhase section */

/* Begin XCBuildConfiguration section */
		DD26C03F29C3C6CC00303499 /* Debug */ = {
			isa = XCBuildConfiguration;
			buildSettings = {
				ALWAYS_SEARCH_USER_PATHS = NO;
				CLANG_ANALYZER_NONNULL = YES;
				CLANG_ANALYZER_NUMBER_OBJECT_CONVERSION = YES_AGGRESSIVE;
				CLANG_CXX_LANGUAGE_STANDARD = "gnu++20";
				CLANG_ENABLE_MODULES = YES;
				CLANG_ENABLE_OBJC_ARC = YES;
				CLANG_ENABLE_OBJC_WEAK = YES;
				CLANG_WARN_BLOCK_CAPTURE_AUTORELEASING = YES;
				CLANG_WARN_BOOL_CONVERSION = YES;
				CLANG_WARN_COMMA = YES;
				CLANG_WARN_CONSTANT_CONVERSION = YES;
				CLANG_WARN_DEPRECATED_OBJC_IMPLEMENTATIONS = YES;
				CLANG_WARN_DIRECT_OBJC_ISA_USAGE = YES_ERROR;
				CLANG_WARN_DOCUMENTATION_COMMENTS = YES;
				CLANG_WARN_EMPTY_BODY = YES;
				CLANG_WARN_ENUM_CONVERSION = YES;
				CLANG_WARN_INFINITE_RECURSION = YES;
				CLANG_WARN_INT_CONVERSION = YES;
				CLANG_WARN_NON_LITERAL_NULL_CONVERSION = YES;
				CLANG_WARN_OBJC_IMPLICIT_RETAIN_SELF = YES;
				CLANG_WARN_OBJC_LITERAL_CONVERSION = YES;
				CLANG_WARN_OBJC_ROOT_CLASS = YES_ERROR;
				CLANG_WARN_QUOTED_INCLUDE_IN_FRAMEWORK_HEADER = YES;
				CLANG_WARN_RANGE_LOOP_ANALYSIS = YES;
				CLANG_WARN_STRICT_PROTOTYPES = YES;
				CLANG_WARN_SUSPICIOUS_MOVE = YES;
				CLANG_WARN_UNGUARDED_AVAILABILITY = YES_AGGRESSIVE;
				CLANG_WARN_UNREACHABLE_CODE = YES;
				CLANG_WARN__DUPLICATE_METHOD_MATCH = YES;
				COPY_PHASE_STRIP = NO;
				DEBUG_INFORMATION_FORMAT = dwarf;
				ENABLE_STRICT_OBJC_MSGSEND = YES;
				ENABLE_TESTABILITY = YES;
				GCC_C_LANGUAGE_STANDARD = gnu11;
				GCC_DYNAMIC_NO_PIC = NO;
				GCC_NO_COMMON_BLOCKS = YES;
				GCC_OPTIMIZATION_LEVEL = 0;
				GCC_PREPROCESSOR_DEFINITIONS = (
					"DEBUG=1",
					"$(inherited)",
				);
				GCC_WARN_64_TO_32_BIT_CONVERSION = YES;
				GCC_WARN_ABOUT_RETURN_TYPE = YES_ERROR;
				GCC_WARN_UNDECLARED_SELECTOR = YES;
				GCC_WARN_UNINITIALIZED_AUTOS = YES_AGGRESSIVE;
				GCC_WARN_UNUSED_FUNCTION = YES;
				GCC_WARN_UNUSED_VARIABLE = YES;
				IPHONEOS_DEPLOYMENT_TARGET = 16.2;
				MTL_ENABLE_DEBUG_INFO = INCLUDE_SOURCE;
				MTL_FAST_MATH = YES;
				ONLY_ACTIVE_ARCH = YES;
				SDKROOT = iphoneos;
				SWIFT_ACTIVE_COMPILATION_CONDITIONS = DEBUG;
				SWIFT_OPTIMIZATION_LEVEL = "-Onone";
			};
			name = Debug;
		};
		DD26C04029C3C6CC00303499 /* Release */ = {
			isa = XCBuildConfiguration;
			buildSettings = {
				ALWAYS_SEARCH_USER_PATHS = NO;
				CLANG_ANALYZER_NONNULL = YES;
				CLANG_ANALYZER_NUMBER_OBJECT_CONVERSION = YES_AGGRESSIVE;
				CLANG_CXX_LANGUAGE_STANDARD = "gnu++20";
				CLANG_ENABLE_MODULES = YES;
				CLANG_ENABLE_OBJC_ARC = YES;
				CLANG_ENABLE_OBJC_WEAK = YES;
				CLANG_WARN_BLOCK_CAPTURE_AUTORELEASING = YES;
				CLANG_WARN_BOOL_CONVERSION = YES;
				CLANG_WARN_COMMA = YES;
				CLANG_WARN_CONSTANT_CONVERSION = YES;
				CLANG_WARN_DEPRECATED_OBJC_IMPLEMENTATIONS = YES;
				CLANG_WARN_DIRECT_OBJC_ISA_USAGE = YES_ERROR;
				CLANG_WARN_DOCUMENTATION_COMMENTS = YES;
				CLANG_WARN_EMPTY_BODY = YES;
				CLANG_WARN_ENUM_CONVERSION = YES;
				CLANG_WARN_INFINITE_RECURSION = YES;
				CLANG_WARN_INT_CONVERSION = YES;
				CLANG_WARN_NON_LITERAL_NULL_CONVERSION = YES;
				CLANG_WARN_OBJC_IMPLICIT_RETAIN_SELF = YES;
				CLANG_WARN_OBJC_LITERAL_CONVERSION = YES;
				CLANG_WARN_OBJC_ROOT_CLASS = YES_ERROR;
				CLANG_WARN_QUOTED_INCLUDE_IN_FRAMEWORK_HEADER = YES;
				CLANG_WARN_RANGE_LOOP_ANALYSIS = YES;
				CLANG_WARN_STRICT_PROTOTYPES = YES;
				CLANG_WARN_SUSPICIOUS_MOVE = YES;
				CLANG_WARN_UNGUARDED_AVAILABILITY = YES_AGGRESSIVE;
				CLANG_WARN_UNREACHABLE_CODE = YES;
				CLANG_WARN__DUPLICATE_METHOD_MATCH = YES;
				COPY_PHASE_STRIP = NO;
				DEBUG_INFORMATION_FORMAT = "dwarf-with-dsym";
				ENABLE_NS_ASSERTIONS = NO;
				ENABLE_STRICT_OBJC_MSGSEND = YES;
				GCC_C_LANGUAGE_STANDARD = gnu11;
				GCC_NO_COMMON_BLOCKS = YES;
				GCC_WARN_64_TO_32_BIT_CONVERSION = YES;
				GCC_WARN_ABOUT_RETURN_TYPE = YES_ERROR;
				GCC_WARN_UNDECLARED_SELECTOR = YES;
				GCC_WARN_UNINITIALIZED_AUTOS = YES_AGGRESSIVE;
				GCC_WARN_UNUSED_FUNCTION = YES;
				GCC_WARN_UNUSED_VARIABLE = YES;
				IPHONEOS_DEPLOYMENT_TARGET = 16.2;
				MTL_ENABLE_DEBUG_INFO = NO;
				MTL_FAST_MATH = YES;
				SDKROOT = iphoneos;
				SWIFT_COMPILATION_MODE = wholemodule;
				SWIFT_OPTIMIZATION_LEVEL = "-O";
				VALIDATE_PRODUCT = YES;
			};
			name = Release;
		};
		DD26C04229C3C6CC00303499 /* Debug */ = {
			isa = XCBuildConfiguration;
			buildSettings = {
				ASSETCATALOG_COMPILER_APPICON_NAME = AppIcon;
				ASSETCATALOG_COMPILER_GLOBAL_ACCENT_COLOR_NAME = AccentColor;
				CODE_SIGN_STYLE = Automatic;
				CURRENT_PROJECT_VERSION = 1;
				DEVELOPMENT_ASSET_PATHS = "\"ModalSwiftUI/Preview Content\"";
				DEVELOPMENT_TEAM = 92JE267H7N;
				ENABLE_PREVIEWS = YES;
				GENERATE_INFOPLIST_FILE = YES;
				INFOPLIST_KEY_UIApplicationSceneManifest_Generation = YES;
				INFOPLIST_KEY_UIApplicationSupportsIndirectInputEvents = YES;
				INFOPLIST_KEY_UILaunchScreen_Generation = YES;
				INFOPLIST_KEY_UISupportedInterfaceOrientations_iPad = "UIInterfaceOrientationPortrait UIInterfaceOrientationPortraitUpsideDown UIInterfaceOrientationLandscapeLeft UIInterfaceOrientationLandscapeRight";
				INFOPLIST_KEY_UISupportedInterfaceOrientations_iPhone = "UIInterfaceOrientationPortrait UIInterfaceOrientationLandscapeLeft UIInterfaceOrientationLandscapeRight";
				LD_RUNPATH_SEARCH_PATHS = (
					"$(inherited)",
					"@executable_path/Frameworks",
				);
				MARKETING_VERSION = 1.0;
				PRODUCT_BUNDLE_IDENTIFIER = com.gabriela.ModalSwiftUI;
				PRODUCT_NAME = "$(TARGET_NAME)";
				SWIFT_EMIT_LOC_STRINGS = YES;
				SWIFT_VERSION = 5.0;
				TARGETED_DEVICE_FAMILY = "1,2";
			};
			name = Debug;
		};
		DD26C04329C3C6CC00303499 /* Release */ = {
			isa = XCBuildConfiguration;
			buildSettings = {
				ASSETCATALOG_COMPILER_APPICON_NAME = AppIcon;
				ASSETCATALOG_COMPILER_GLOBAL_ACCENT_COLOR_NAME = AccentColor;
				CODE_SIGN_STYLE = Automatic;
				CURRENT_PROJECT_VERSION = 1;
				DEVELOPMENT_ASSET_PATHS = "\"ModalSwiftUI/Preview Content\"";
				DEVELOPMENT_TEAM = 92JE267H7N;
				ENABLE_PREVIEWS = YES;
				GENERATE_INFOPLIST_FILE = YES;
				INFOPLIST_KEY_UIApplicationSceneManifest_Generation = YES;
				INFOPLIST_KEY_UIApplicationSupportsIndirectInputEvents = YES;
				INFOPLIST_KEY_UILaunchScreen_Generation = YES;
				INFOPLIST_KEY_UISupportedInterfaceOrientations_iPad = "UIInterfaceOrientationPortrait UIInterfaceOrientationPortraitUpsideDown UIInterfaceOrientationLandscapeLeft UIInterfaceOrientationLandscapeRight";
				INFOPLIST_KEY_UISupportedInterfaceOrientations_iPhone = "UIInterfaceOrientationPortrait UIInterfaceOrientationLandscapeLeft UIInterfaceOrientationLandscapeRight";
				LD_RUNPATH_SEARCH_PATHS = (
					"$(inherited)",
					"@executable_path/Frameworks",
				);
				MARKETING_VERSION = 1.0;
				PRODUCT_BUNDLE_IDENTIFIER = com.gabriela.ModalSwiftUI;
				PRODUCT_NAME = "$(TARGET_NAME)";
				SWIFT_EMIT_LOC_STRINGS = YES;
				SWIFT_VERSION = 5.0;
				TARGETED_DEVICE_FAMILY = "1,2";
			};
			name = Release;
		};
/* End XCBuildConfiguration section */

/* Begin XCConfigurationList section */
		DD26C02E29C3C6CB00303499 /* Build configuration list for PBXProject "ModalSwiftUI" */ = {
			isa = XCConfigurationList;
			buildConfigurations = (
				DD26C03F29C3C6CC00303499 /* Debug */,
				DD26C04029C3C6CC00303499 /* Release */,
			);
			defaultConfigurationIsVisible = 0;
			defaultConfigurationName = Release;
		};
		DD26C04129C3C6CC00303499 /* Build configuration list for PBXNativeTarget "ModalSwiftUI" */ = {
			isa = XCConfigurationList;
			buildConfigurations = (
				DD26C04229C3C6CC00303499 /* Debug */,
				DD26C04329C3C6CC00303499 /* Release */,
			);
			defaultConfigurationIsVisible = 0;
			defaultConfigurationName = Release;
		};
/* End XCConfigurationList section */
	};
	rootObject = DD26C02B29C3C6CB00303499 /* Project object */;
}
